
Microsoft Visual Studio Solution File, Format Version 12.00
# Visual Studio Version 17
VisualStudioVersion = 17.3.32825.248
MinimumVisualStudioVersion = 10.0.40219.1
Project("{9A19103F-16F7-4668-BE54-9A1E7A4F7556}") = "UT4MasterServer", "UT4MasterServer\UT4MasterServer.csproj", "{D5B4EA3F-2465-4B7E-8D07-400D9FC7F534}"
EndProject
Project("{E53339B2-1760-4266-BCC7-CA923CBCF16C}") = "docker-compose", "docker-compose.dcproj", "{1D02F72E-DB23-4139-9C98-BF253F8198AA}"
EndProject
Project("{2150E333-8FDC-42A3-9474-1A3956D46DE8}") = ".Tests", ".Tests", "{19DD982A-59E2-4813-BA34-602494B8E815}"
EndProject
Project("{9A19103F-16F7-4668-BE54-9A1E7A4F7556}") = "XUnit.Tests", ".Tests\XUnit.Tests\XUnit.Tests.csproj", "{7FF2E309-D898-4E37-ABF1-DE9BC57B304E}"
EndProject
Project("{2150E333-8FDC-42A3-9474-1A3956D46DE8}") = "Solution Items", "Solution Items", "{47853299-8BA6-460B-9C54-91E40D59B8ED}"
	ProjectSection(SolutionItems) = preProject
		.dockerignore = .dockerignore
		.editorconfig = .editorconfig
		.gitattributes = .gitattributes
		.gitignore = .gitignore
		.prettierignore = .prettierignore
	EndProjectSection
EndProject
Project("{E24C65DC-7377-472B-9ABA-BC803B73C61A}") = "UT4MasterServer.Web", "UT4MasterServer.Web\", "{351E5A62-5562-4E30-A70C-93D5236F6C7A}"
	ProjectSection(WebsiteProperties) = preProject
		TargetFrameworkMoniker = ".NETFramework,Version%3Dv4.8"
		Debug.AspNetCompiler.VirtualPath = "/localhost_53288"
		Debug.AspNetCompiler.PhysicalPath = "UT4MasterServer.Web\"
		Debug.AspNetCompiler.TargetPath = "PrecompiledWeb\localhost_53288\"
		Debug.AspNetCompiler.Updateable = "true"
		Debug.AspNetCompiler.ForceOverwrite = "true"
		Debug.AspNetCompiler.FixedNames = "false"
		Debug.AspNetCompiler.Debug = "True"
		Release.AspNetCompiler.VirtualPath = "/localhost_53288"
		Release.AspNetCompiler.PhysicalPath = "UT4MasterServer.Web\"
		Release.AspNetCompiler.TargetPath = "PrecompiledWeb\localhost_53288\"
		Release.AspNetCompiler.Updateable = "true"
		Release.AspNetCompiler.ForceOverwrite = "true"
		Release.AspNetCompiler.FixedNames = "false"
		Release.AspNetCompiler.Debug = "False"
		VWDPort = "53288"
		SlnRelativePath = "UT4MasterServer.Web\"
	EndProjectSection
EndProject
Project("{9A19103F-16F7-4668-BE54-9A1E7A4F7556}") = "UT4MasterServer.Models", "UT4MasterServer.Models\UT4MasterServer.Models.csproj", "{A83E7353-EA95-4BD6-BE7A-61B8D8A1BEFA}"
EndProject
Project("{9A19103F-16F7-4668-BE54-9A1E7A4F7556}") = "UT4MasterServer.Common", "UT4MasterServer.Common\UT4MasterServer.Common.csproj", "{468351B6-1222-46B2-B026-6B78585BAEDE}"
EndProject
Project("{9A19103F-16F7-4668-BE54-9A1E7A4F7556}") = "UT4MasterServer.Serializers", "UT4MasterServer.Serializers\UT4MasterServer.Serializers.csproj", "{9EC2021D-6D10-48B8-8604-4563757F6E82}"
EndProject
Project("{9A19103F-16F7-4668-BE54-9A1E7A4F7556}") = "UT4MasterServer.Services", "UT4MasterServer.Services\UT4MasterServer.Services.csproj", "{6DDDF02C-C06F-4148-AE39-29A4B771F8FB}"
EndProject
Project("{9A19103F-16F7-4668-BE54-9A1E7A4F7556}") = "UT4MasterServer.Authentication", "UT4MasterServer.Authentication\UT4MasterServer.Authentication.csproj", "{9D946358-61C8-4AA3-8151-805393049F8A}"
EndProject
Global
	GlobalSection(SolutionConfigurationPlatforms) = preSolution
		Debug|Any CPU = Debug|Any CPU
		Debug|x64 = Debug|x64
		Release|Any CPU = Release|Any CPU
		Release|x64 = Release|x64
	EndGlobalSection
	GlobalSection(ProjectConfigurationPlatforms) = postSolution
		{D5B4EA3F-2465-4B7E-8D07-400D9FC7F534}.Debug|Any CPU.ActiveCfg = Debug|Any CPU
		{D5B4EA3F-2465-4B7E-8D07-400D9FC7F534}.Debug|Any CPU.Build.0 = Debug|Any CPU
		{D5B4EA3F-2465-4B7E-8D07-400D9FC7F534}.Debug|x64.ActiveCfg = Debug|x64
		{D5B4EA3F-2465-4B7E-8D07-400D9FC7F534}.Debug|x64.Build.0 = Debug|x64
		{D5B4EA3F-2465-4B7E-8D07-400D9FC7F534}.Release|Any CPU.ActiveCfg = Release|Any CPU
		{D5B4EA3F-2465-4B7E-8D07-400D9FC7F534}.Release|Any CPU.Build.0 = Release|Any CPU
		{D5B4EA3F-2465-4B7E-8D07-400D9FC7F534}.Release|x64.ActiveCfg = Release|x64
		{D5B4EA3F-2465-4B7E-8D07-400D9FC7F534}.Release|x64.Build.0 = Release|x64
		{1D02F72E-DB23-4139-9C98-BF253F8198AA}.Debug|Any CPU.ActiveCfg = Debug|Any CPU
		{1D02F72E-DB23-4139-9C98-BF253F8198AA}.Debug|Any CPU.Build.0 = Debug|Any CPU
		{1D02F72E-DB23-4139-9C98-BF253F8198AA}.Debug|x64.ActiveCfg = Debug|Any CPU
		{1D02F72E-DB23-4139-9C98-BF253F8198AA}.Debug|x64.Build.0 = Debug|Any CPU
		{1D02F72E-DB23-4139-9C98-BF253F8198AA}.Release|Any CPU.ActiveCfg = Release|Any CPU
		{1D02F72E-DB23-4139-9C98-BF253F8198AA}.Release|Any CPU.Build.0 = Release|Any CPU
		{1D02F72E-DB23-4139-9C98-BF253F8198AA}.Release|x64.ActiveCfg = Release|Any CPU
		{1D02F72E-DB23-4139-9C98-BF253F8198AA}.Release|x64.Build.0 = Release|Any CPU
		{7FF2E309-D898-4E37-ABF1-DE9BC57B304E}.Debug|Any CPU.ActiveCfg = Debug|Any CPU
		{7FF2E309-D898-4E37-ABF1-DE9BC57B304E}.Debug|Any CPU.Build.0 = Debug|Any CPU
		{7FF2E309-D898-4E37-ABF1-DE9BC57B304E}.Debug|x64.ActiveCfg = Debug|Any CPU
		{7FF2E309-D898-4E37-ABF1-DE9BC57B304E}.Debug|x64.Build.0 = Debug|Any CPU
		{7FF2E309-D898-4E37-ABF1-DE9BC57B304E}.Release|Any CPU.ActiveCfg = Release|Any CPU
		{7FF2E309-D898-4E37-ABF1-DE9BC57B304E}.Release|Any CPU.Build.0 = Release|Any CPU
		{7FF2E309-D898-4E37-ABF1-DE9BC57B304E}.Release|x64.ActiveCfg = Release|Any CPU
		{7FF2E309-D898-4E37-ABF1-DE9BC57B304E}.Release|x64.Build.0 = Release|Any CPU
		{351E5A62-5562-4E30-A70C-93D5236F6C7A}.Debug|Any CPU.ActiveCfg = Debug|Any CPU
		{351E5A62-5562-4E30-A70C-93D5236F6C7A}.Debug|Any CPU.Build.0 = Debug|Any CPU
		{351E5A62-5562-4E30-A70C-93D5236F6C7A}.Debug|x64.ActiveCfg = Debug|Any CPU
		{351E5A62-5562-4E30-A70C-93D5236F6C7A}.Debug|x64.Build.0 = Debug|Any CPU
		{351E5A62-5562-4E30-A70C-93D5236F6C7A}.Release|Any CPU.ActiveCfg = Debug|Any CPU
		{351E5A62-5562-4E30-A70C-93D5236F6C7A}.Release|Any CPU.Build.0 = Debug|Any CPU
		{351E5A62-5562-4E30-A70C-93D5236F6C7A}.Release|x64.ActiveCfg = Debug|Any CPU
		{351E5A62-5562-4E30-A70C-93D5236F6C7A}.Release|x64.Build.0 = Debug|Any CPU
		{A83E7353-EA95-4BD6-BE7A-61B8D8A1BEFA}.Debug|Any CPU.ActiveCfg = Debug|Any CPU
		{A83E7353-EA95-4BD6-BE7A-61B8D8A1BEFA}.Debug|Any CPU.Build.0 = Debug|Any CPU
		{A83E7353-EA95-4BD6-BE7A-61B8D8A1BEFA}.Debug|x64.ActiveCfg = Debug|Any CPU
		{A83E7353-EA95-4BD6-BE7A-61B8D8A1BEFA}.Debug|x64.Build.0 = Debug|Any CPU
		{A83E7353-EA95-4BD6-BE7A-61B8D8A1BEFA}.Release|Any CPU.ActiveCfg = Release|Any CPU
		{A83E7353-EA95-4BD6-BE7A-61B8D8A1BEFA}.Release|Any CPU.Build.0 = Release|Any CPU
		{A83E7353-EA95-4BD6-BE7A-61B8D8A1BEFA}.Release|x64.ActiveCfg = Release|Any CPU
		{A83E7353-EA95-4BD6-BE7A-61B8D8A1BEFA}.Release|x64.Build.0 = Release|Any CPU
		{468351B6-1222-46B2-B026-6B78585BAEDE}.Debug|Any CPU.ActiveCfg = Debug|Any CPU
		{468351B6-1222-46B2-B026-6B78585BAEDE}.Debug|Any CPU.Build.0 = Debug|Any CPU
		{468351B6-1222-46B2-B026-6B78585BAEDE}.Debug|x64.ActiveCfg = Debug|Any CPU
		{468351B6-1222-46B2-B026-6B78585BAEDE}.Debug|x64.Build.0 = Debug|Any CPU
		{468351B6-1222-46B2-B026-6B78585BAEDE}.Release|Any CPU.ActiveCfg = Release|Any CPU
		{468351B6-1222-46B2-B026-6B78585BAEDE}.Release|Any CPU.Build.0 = Release|Any CPU
		{468351B6-1222-46B2-B026-6B78585BAEDE}.Release|x64.ActiveCfg = Release|Any CPU
		{468351B6-1222-46B2-B026-6B78585BAEDE}.Release|x64.Build.0 = Release|Any CPU
		{9EC2021D-6D10-48B8-8604-4563757F6E82}.Debug|Any CPU.ActiveCfg = Debug|Any CPU
		{9EC2021D-6D10-48B8-8604-4563757F6E82}.Debug|Any CPU.Build.0 = Debug|Any CPU
		{9EC2021D-6D10-48B8-8604-4563757F6E82}.Debug|x64.ActiveCfg = Debug|Any CPU
		{9EC2021D-6D10-48B8-8604-4563757F6E82}.Debug|x64.Build.0 = Debug|Any CPU
		{9EC2021D-6D10-48B8-8604-4563757F6E82}.Release|Any CPU.ActiveCfg = Release|Any CPU
		{9EC2021D-6D10-48B8-8604-4563757F6E82}.Release|Any CPU.Build.0 = Release|Any CPU
		{9EC2021D-6D10-48B8-8604-4563757F6E82}.Release|x64.ActiveCfg = Release|Any CPU
		{9EC2021D-6D10-48B8-8604-4563757F6E82}.Release|x64.Build.0 = Release|Any CPU
		{6DDDF02C-C06F-4148-AE39-29A4B771F8FB}.Debug|Any CPU.ActiveCfg = Debug|Any CPU
		{6DDDF02C-C06F-4148-AE39-29A4B771F8FB}.Debug|Any CPU.Build.0 = Debug|Any CPU
		{6DDDF02C-C06F-4148-AE39-29A4B771F8FB}.Debug|x64.ActiveCfg = Debug|Any CPU
		{6DDDF02C-C06F-4148-AE39-29A4B771F8FB}.Debug|x64.Build.0 = Debug|Any CPU
		{6DDDF02C-C06F-4148-AE39-29A4B771F8FB}.Release|Any CPU.ActiveCfg = Release|Any CPU
		{6DDDF02C-C06F-4148-AE39-29A4B771F8FB}.Release|Any CPU.Build.0 = Release|Any CPU
		{6DDDF02C-C06F-4148-AE39-29A4B771F8FB}.Release|x64.ActiveCfg = Release|Any CPU
		{6DDDF02C-C06F-4148-AE39-29A4B771F8FB}.Release|x64.Build.0 = Release|Any CPU
		{9D946358-61C8-4AA3-8151-805393049F8A}.Debug|Any CPU.ActiveCfg = Debug|Any CPU
		{9D946358-61C8-4AA3-8151-805393049F8A}.Debug|Any CPU.Build.0 = Debug|Any CPU
		{9D946358-61C8-4AA3-8151-805393049F8A}.Debug|x64.ActiveCfg = Debug|Any CPU
		{9D946358-61C8-4AA3-8151-805393049F8A}.Debug|x64.Build.0 = Debug|Any CPU
		{9D946358-61C8-4AA3-8151-805393049F8A}.Release|Any CPU.ActiveCfg = Release|Any CPU
		{9D946358-61C8-4AA3-8151-805393049F8A}.Release|Any CPU.Build.0 = Release|Any CPU
		{9D946358-61C8-4AA3-8151-805393049F8A}.Release|x64.ActiveCfg = Release|Any CPU
		{9D946358-61C8-4AA3-8151-805393049F8A}.Release|x64.Build.0 = Release|Any CPU
	EndGlobalSection
	GlobalSection(SolutionProperties) = preSolution
		HideSolutionNode = FALSE
	EndGlobalSection
	GlobalSection(NestedProjects) = preSolution
		{7FF2E309-D898-4E37-ABF1-DE9BC57B304E} = {19DD982A-59E2-4813-BA34-602494B8E815}
	EndGlobalSection
	GlobalSection(ExtensibilityGlobals) = postSolution
		SolutionGuid = {D9679DFC-4B8F-43E9-B6C1-49B0FECAA7A6}
	EndGlobalSection
EndGlobal
