
Microsoft Visual Studio Solution File, Format Version 12.00
# Visual Studio Version 17
VisualStudioVersion = 17.4.33205.214
MinimumVisualStudioVersion = 10.0.40219.1
Project("{9A19103F-16F7-4668-BE54-9A1E7A4F7556}") = "UT4MasterServer", "UT4MasterServer.csproj", "{C5D284F1-F1D4-43C8-BFDA-08DB3EDCA4DD}"
EndProject
Project("{E53339B2-1760-4266-BCC7-CA923CBCF16C}") = "docker-compose", "docker-compose.dcproj", "{4C5EE31E-DB9B-4392-8FB4-F637FA7337A7}"
EndProject
Global
	GlobalSection(SolutionConfigurationPlatforms) = preSolution
		Debug|Any CPU = Debug|Any CPU
		Release|Any CPU = Release|Any CPU
	EndGlobalSection
	GlobalSection(ProjectConfigurationPlatforms) = postSolution
		{C5D284F1-F1D4-43C8-BFDA-08DB3EDCA4DD}.Debug|Any CPU.ActiveCfg = Debug|Any CPU
		{C5D284F1-F1D4-43C8-BFDA-08DB3EDCA4DD}.Debug|Any CPU.Build.0 = Debug|Any CPU
		{C5D284F1-F1D4-43C8-BFDA-08DB3EDCA4DD}.Release|Any CPU.ActiveCfg = Release|Any CPU
		{C5D284F1-F1D4-43C8-BFDA-08DB3EDCA4DD}.Release|Any CPU.Build.0 = Release|Any CPU
		{4C5EE31E-DB9B-4392-8FB4-F637FA7337A7}.Debug|Any CPU.ActiveCfg = Debug|Any CPU
		{4C5EE31E-DB9B-4392-8FB4-F637FA7337A7}.Debug|Any CPU.Build.0 = Debug|Any CPU
		{4C5EE31E-DB9B-4392-8FB4-F637FA7337A7}.Release|Any CPU.ActiveCfg = Release|Any CPU
		{4C5EE31E-DB9B-4392-8FB4-F637FA7337A7}.Release|Any CPU.Build.0 = Release|Any CPU
	EndGlobalSection
	GlobalSection(SolutionProperties) = preSolution
		HideSolutionNode = FALSE
	EndGlobalSection
	GlobalSection(ExtensibilityGlobals) = postSolution
		SolutionGuid = {707BA408-0BD6-40A2-92A7-F85F2CD6EFDC}
	EndGlobalSection
EndGlobal
